
Microsoft Visual Studio Solution File, Format Version 12.00
# Visual Studio Version 16
VisualStudioVersion = 16.0.31005.135
MinimumVisualStudioVersion = 10.0.40219.1
Project("{FAE04EC0-301F-11D3-BF4B-00C04F79EFBC}") = "OefeningenClasses", "OefeningenClasses\OefeningenClasses.csproj", "{1EF9E18D-936D-482E-B7EA-8BA39658DDDD}"
EndProject
Project("{FAE04EC0-301F-11D3-BF4B-00C04F79EFBC}") = "Nummers", "Nummers\Nummers.csproj", "{D5ACAB53-07B4-4228-8ECC-BCC4B8FE63DC}"
EndProject
Project("{FAE04EC0-301F-11D3-BF4B-00C04F79EFBC}") = "Studentklasse", "Studentklasse\Studentklasse.csproj", "{8A0AF565-DC54-45BC-B7BC-D876A9097957}"
EndProject
Project("{FAE04EC0-301F-11D3-BF4B-00C04F79EFBC}") = "PizzaTime", "PizzaTime\PizzaTime.csproj", "{73E18052-E6AA-4F80-8C68-D26A5804D68F}"
EndProject
Project("{FAE04EC0-301F-11D3-BF4B-00C04F79EFBC}") = "Figuren", "Figuren\Figuren.csproj", "{114E0FD3-0255-4CCD-8A7B-BF4B8384DC84}"
EndProject
Project("{FAE04EC0-301F-11D3-BF4B-00C04F79EFBC}") = "Sports", "Sports\Sports.csproj", "{83E6550C-C393-464E-BB5E-7AE6D80E460C}"
EndProject
Project("{FAE04EC0-301F-11D3-BF4B-00C04F79EFBC}") = "Bankmanager", "Bankmanager\Bankmanager.csproj", "{A72F61E2-A6BA-4E1B-A2A1-BBB4E389922E}"
EndProject
Global
	GlobalSection(SolutionConfigurationPlatforms) = preSolution
		Debug|Any CPU = Debug|Any CPU
		Release|Any CPU = Release|Any CPU
	EndGlobalSection
	GlobalSection(ProjectConfigurationPlatforms) = postSolution
		{1EF9E18D-936D-482E-B7EA-8BA39658DDDD}.Debug|Any CPU.ActiveCfg = Debug|Any CPU
		{1EF9E18D-936D-482E-B7EA-8BA39658DDDD}.Debug|Any CPU.Build.0 = Debug|Any CPU
		{1EF9E18D-936D-482E-B7EA-8BA39658DDDD}.Release|Any CPU.ActiveCfg = Release|Any CPU
		{1EF9E18D-936D-482E-B7EA-8BA39658DDDD}.Release|Any CPU.Build.0 = Release|Any CPU
		{D5ACAB53-07B4-4228-8ECC-BCC4B8FE63DC}.Debug|Any CPU.ActiveCfg = Debug|Any CPU
		{D5ACAB53-07B4-4228-8ECC-BCC4B8FE63DC}.Debug|Any CPU.Build.0 = Debug|Any CPU
		{D5ACAB53-07B4-4228-8ECC-BCC4B8FE63DC}.Release|Any CPU.ActiveCfg = Release|Any CPU
		{D5ACAB53-07B4-4228-8ECC-BCC4B8FE63DC}.Release|Any CPU.Build.0 = Release|Any CPU
		{8A0AF565-DC54-45BC-B7BC-D876A9097957}.Debug|Any CPU.ActiveCfg = Debug|Any CPU
		{8A0AF565-DC54-45BC-B7BC-D876A9097957}.Debug|Any CPU.Build.0 = Debug|Any CPU
		{8A0AF565-DC54-45BC-B7BC-D876A9097957}.Release|Any CPU.ActiveCfg = Release|Any CPU
		{8A0AF565-DC54-45BC-B7BC-D876A9097957}.Release|Any CPU.Build.0 = Release|Any CPU
		{73E18052-E6AA-4F80-8C68-D26A5804D68F}.Debug|Any CPU.ActiveCfg = Debug|Any CPU
		{73E18052-E6AA-4F80-8C68-D26A5804D68F}.Debug|Any CPU.Build.0 = Debug|Any CPU
		{73E18052-E6AA-4F80-8C68-D26A5804D68F}.Release|Any CPU.ActiveCfg = Release|Any CPU
		{73E18052-E6AA-4F80-8C68-D26A5804D68F}.Release|Any CPU.Build.0 = Release|Any CPU
		{114E0FD3-0255-4CCD-8A7B-BF4B8384DC84}.Debug|Any CPU.ActiveCfg = Debug|Any CPU
		{114E0FD3-0255-4CCD-8A7B-BF4B8384DC84}.Debug|Any CPU.Build.0 = Debug|Any CPU
		{114E0FD3-0255-4CCD-8A7B-BF4B8384DC84}.Release|Any CPU.ActiveCfg = Release|Any CPU
		{114E0FD3-0255-4CCD-8A7B-BF4B8384DC84}.Release|Any CPU.Build.0 = Release|Any CPU
		{83E6550C-C393-464E-BB5E-7AE6D80E460C}.Debug|Any CPU.ActiveCfg = Debug|Any CPU
		{83E6550C-C393-464E-BB5E-7AE6D80E460C}.Debug|Any CPU.Build.0 = Debug|Any CPU
		{83E6550C-C393-464E-BB5E-7AE6D80E460C}.Release|Any CPU.ActiveCfg = Release|Any CPU
		{83E6550C-C393-464E-BB5E-7AE6D80E460C}.Release|Any CPU.Build.0 = Release|Any CPU
		{A72F61E2-A6BA-4E1B-A2A1-BBB4E389922E}.Debug|Any CPU.ActiveCfg = Debug|Any CPU
		{A72F61E2-A6BA-4E1B-A2A1-BBB4E389922E}.Debug|Any CPU.Build.0 = Debug|Any CPU
		{A72F61E2-A6BA-4E1B-A2A1-BBB4E389922E}.Release|Any CPU.ActiveCfg = Release|Any CPU
		{A72F61E2-A6BA-4E1B-A2A1-BBB4E389922E}.Release|Any CPU.Build.0 = Release|Any CPU
	EndGlobalSection
	GlobalSection(SolutionProperties) = preSolution
		HideSolutionNode = FALSE
	EndGlobalSection
	GlobalSection(ExtensibilityGlobals) = postSolution
		SolutionGuid = {66E51615-4AED-4D5A-8B79-0E127DFADA4F}
	EndGlobalSection
EndGlobal
